
Microsoft Visual Studio Solution File, Format Version 12.00
# Visual Studio Version 16
VisualStudioVersion = 16.0.30907.101
MinimumVisualStudioVersion = 10.0.40219.1
Project("{FAE04EC0-301F-11D3-BF4B-00C04F79EFBC}") = "OgreCall.pushbutton", "OgreCall.pushbutton.csproj", "{881929D5-3931-422B-AE0D-138EAEFB43C3}"
EndProject
Global
	GlobalSection(SolutionConfigurationPlatforms) = preSolution
		Debug|Any CPU = Debug|Any CPU
		Release|Any CPU = Release|Any CPU
	EndGlobalSection
	GlobalSection(ProjectConfigurationPlatforms) = postSolution
		{881929D5-3931-422B-AE0D-138EAEFB43C3}.Debug|Any CPU.ActiveCfg = Debug|Any CPU
		{881929D5-3931-422B-AE0D-138EAEFB43C3}.Debug|Any CPU.Build.0 = Debug|Any CPU
		{881929D5-3931-422B-AE0D-138EAEFB43C3}.Release|Any CPU.ActiveCfg = Release|Any CPU
		{881929D5-3931-422B-AE0D-138EAEFB43C3}.Release|Any CPU.Build.0 = Release|Any CPU
	EndGlobalSection
	GlobalSection(SolutionProperties) = preSolution
		HideSolutionNode = FALSE
	EndGlobalSection
	GlobalSection(ExtensibilityGlobals) = postSolution
		SolutionGuid = {CF1CA786-A597-47F0-916F-49A8D1525EC8}
	EndGlobalSection
EndGlobal
